
Microsoft Visual Studio Solution File, Format Version 12.00
# Visual Studio Version 17
VisualStudioVersion = 17.2.32630.192
MinimumVisualStudioVersion = 10.0.40219.1
Project("{FAE04EC0-301F-11D3-BF4B-00C04F79EFBC}") = "Classes_Obj", "Classes_Obj.csproj", "{325358D6-8D9F-4BD4-80F7-6D2ABC3E7116}"
EndProject
Global
	GlobalSection(SolutionConfigurationPlatforms) = preSolution
		Debug|Any CPU = Debug|Any CPU
		Release|Any CPU = Release|Any CPU
	EndGlobalSection
	GlobalSection(ProjectConfigurationPlatforms) = postSolution
		{325358D6-8D9F-4BD4-80F7-6D2ABC3E7116}.Debug|Any CPU.ActiveCfg = Debug|Any CPU
		{325358D6-8D9F-4BD4-80F7-6D2ABC3E7116}.Debug|Any CPU.Build.0 = Debug|Any CPU
		{325358D6-8D9F-4BD4-80F7-6D2ABC3E7116}.Release|Any CPU.ActiveCfg = Release|Any CPU
		{325358D6-8D9F-4BD4-80F7-6D2ABC3E7116}.Release|Any CPU.Build.0 = Release|Any CPU
	EndGlobalSection
	GlobalSection(SolutionProperties) = preSolution
		HideSolutionNode = FALSE
	EndGlobalSection
	GlobalSection(ExtensibilityGlobals) = postSolution
		SolutionGuid = {25004591-F19F-42C7-A4E4-B5E5107A5AC2}
	EndGlobalSection
EndGlobal
